
Microsoft Visual Studio Solution File, Format Version 12.00
# Visual Studio 15
VisualStudioVersion = 15.0.26124.0
MinimumVisualStudioVersion = 15.0.26124.0
Project("{2150E333-8FDC-42A3-9474-1A3956D46DE8}") = "src", "src", "{6EC7D00E-816D-464C-B0EB-EBA710AAD8FB}"
EndProject
Project("{FAE04EC0-301F-11D3-BF4B-00C04F79EFBC}") = "GradeBook", "src\GradeBook\GradeBook.csproj", "{D6BD39CB-9D6D-45C7-A520-F1E482B65CE1}"
EndProject
Project("{2150E333-8FDC-42A3-9474-1A3956D46DE8}") = "test", "test", "{55B37E1B-626E-4FCD-95BE-1117A533A305}"
EndProject
Project("{FAE04EC0-301F-11D3-BF4B-00C04F79EFBC}") = "GradeBook.test", "test\GradeBook.test\GradeBook.test.csproj", "{D8830996-5F5C-40F8-ACC4-E8CD302EDC9A}"
EndProject
Global
	GlobalSection(SolutionConfigurationPlatforms) = preSolution
		Debug|Any CPU = Debug|Any CPU
		Debug|x64 = Debug|x64
		Debug|x86 = Debug|x86
		Release|Any CPU = Release|Any CPU
		Release|x64 = Release|x64
		Release|x86 = Release|x86
	EndGlobalSection
	GlobalSection(SolutionProperties) = preSolution
		HideSolutionNode = FALSE
	EndGlobalSection
	GlobalSection(ProjectConfigurationPlatforms) = postSolution
		{D6BD39CB-9D6D-45C7-A520-F1E482B65CE1}.Debug|Any CPU.ActiveCfg = Debug|Any CPU
		{D6BD39CB-9D6D-45C7-A520-F1E482B65CE1}.Debug|Any CPU.Build.0 = Debug|Any CPU
		{D6BD39CB-9D6D-45C7-A520-F1E482B65CE1}.Debug|x64.ActiveCfg = Debug|Any CPU
		{D6BD39CB-9D6D-45C7-A520-F1E482B65CE1}.Debug|x64.Build.0 = Debug|Any CPU
		{D6BD39CB-9D6D-45C7-A520-F1E482B65CE1}.Debug|x86.ActiveCfg = Debug|Any CPU
		{D6BD39CB-9D6D-45C7-A520-F1E482B65CE1}.Debug|x86.Build.0 = Debug|Any CPU
		{D6BD39CB-9D6D-45C7-A520-F1E482B65CE1}.Release|Any CPU.ActiveCfg = Release|Any CPU
		{D6BD39CB-9D6D-45C7-A520-F1E482B65CE1}.Release|Any CPU.Build.0 = Release|Any CPU
		{D6BD39CB-9D6D-45C7-A520-F1E482B65CE1}.Release|x64.ActiveCfg = Release|Any CPU
		{D6BD39CB-9D6D-45C7-A520-F1E482B65CE1}.Release|x64.Build.0 = Release|Any CPU
		{D6BD39CB-9D6D-45C7-A520-F1E482B65CE1}.Release|x86.ActiveCfg = Release|Any CPU
		{D6BD39CB-9D6D-45C7-A520-F1E482B65CE1}.Release|x86.Build.0 = Release|Any CPU
		{D8830996-5F5C-40F8-ACC4-E8CD302EDC9A}.Debug|Any CPU.ActiveCfg = Debug|Any CPU
		{D8830996-5F5C-40F8-ACC4-E8CD302EDC9A}.Debug|Any CPU.Build.0 = Debug|Any CPU
		{D8830996-5F5C-40F8-ACC4-E8CD302EDC9A}.Debug|x64.ActiveCfg = Debug|Any CPU
		{D8830996-5F5C-40F8-ACC4-E8CD302EDC9A}.Debug|x64.Build.0 = Debug|Any CPU
		{D8830996-5F5C-40F8-ACC4-E8CD302EDC9A}.Debug|x86.ActiveCfg = Debug|Any CPU
		{D8830996-5F5C-40F8-ACC4-E8CD302EDC9A}.Debug|x86.Build.0 = Debug|Any CPU
		{D8830996-5F5C-40F8-ACC4-E8CD302EDC9A}.Release|Any CPU.ActiveCfg = Release|Any CPU
		{D8830996-5F5C-40F8-ACC4-E8CD302EDC9A}.Release|Any CPU.Build.0 = Release|Any CPU
		{D8830996-5F5C-40F8-ACC4-E8CD302EDC9A}.Release|x64.ActiveCfg = Release|Any CPU
		{D8830996-5F5C-40F8-ACC4-E8CD302EDC9A}.Release|x64.Build.0 = Release|Any CPU
		{D8830996-5F5C-40F8-ACC4-E8CD302EDC9A}.Release|x86.ActiveCfg = Release|Any CPU
		{D8830996-5F5C-40F8-ACC4-E8CD302EDC9A}.Release|x86.Build.0 = Release|Any CPU
	EndGlobalSection
	GlobalSection(NestedProjects) = preSolution
		{D6BD39CB-9D6D-45C7-A520-F1E482B65CE1} = {6EC7D00E-816D-464C-B0EB-EBA710AAD8FB}
		{D8830996-5F5C-40F8-ACC4-E8CD302EDC9A} = {55B37E1B-626E-4FCD-95BE-1117A533A305}
	EndGlobalSection
EndGlobal
